
Microsoft Visual Studio Solution File, Format Version 12.00
# Visual Studio Version 16
VisualStudioVersion = 16.0.31313.79
MinimumVisualStudioVersion = 10.0.40219.1
Project("{9A19103F-16F7-4668-BE54-9A1E7A4F7556}") = "MinecraftNeos", "MinecraftNeos\MinecraftNeos.csproj", "{55FE3C20-F933-4D90-AF44-FBD1C1750202}"
EndProject
Project("{FAE04EC0-301F-11D3-BF4B-00C04F79EFBC}") = "MC2Neos", "MC2Neos\MC2Neos.csproj", "{7EFB31B2-B233-42C8-B7F7-37E6F3DE582E}"
EndProject
Global
	GlobalSection(SolutionConfigurationPlatforms) = preSolution
		Debug|Any CPU = Debug|Any CPU
		Release|Any CPU = Release|Any CPU
	EndGlobalSection
	GlobalSection(ProjectConfigurationPlatforms) = postSolution
		{55FE3C20-F933-4D90-AF44-FBD1C1750202}.Debug|Any CPU.ActiveCfg = Debug|Any CPU
		{55FE3C20-F933-4D90-AF44-FBD1C1750202}.Debug|Any CPU.Build.0 = Debug|Any CPU
		{55FE3C20-F933-4D90-AF44-FBD1C1750202}.Release|Any CPU.ActiveCfg = Release|Any CPU
		{55FE3C20-F933-4D90-AF44-FBD1C1750202}.Release|Any CPU.Build.0 = Release|Any CPU
		{7EFB31B2-B233-42C8-B7F7-37E6F3DE582E}.Debug|Any CPU.ActiveCfg = Debug|Any CPU
		{7EFB31B2-B233-42C8-B7F7-37E6F3DE582E}.Debug|Any CPU.Build.0 = Debug|Any CPU
		{7EFB31B2-B233-42C8-B7F7-37E6F3DE582E}.Release|Any CPU.ActiveCfg = Release|Any CPU
		{7EFB31B2-B233-42C8-B7F7-37E6F3DE582E}.Release|Any CPU.Build.0 = Release|Any CPU
	EndGlobalSection
	GlobalSection(SolutionProperties) = preSolution
		HideSolutionNode = FALSE
	EndGlobalSection
	GlobalSection(ExtensibilityGlobals) = postSolution
		SolutionGuid = {FE7D799A-4130-4647-9521-42CB9451511C}
	EndGlobalSection
EndGlobal
